
Microsoft Visual Studio Solution File, Format Version 12.00
# Visual Studio Version 17
VisualStudioVersion = 17.0.31903.59
MinimumVisualStudioVersion = 10.0.40219.1
Project("{2150E333-8FDC-42A3-9474-1A3956D46DE8}") = "Core", "Core", "{EDA69AC4-D596-4BA7-8925-8C48F77B9F74}"
EndProject
Project("{2150E333-8FDC-42A3-9474-1A3956D46DE8}") = "Infrastructure", "Infrastructure", "{44EBBDD1-54E2-4F69-895E-CE3C31D9A307}"
EndProject
Project("{2150E333-8FDC-42A3-9474-1A3956D46DE8}") = "Presentation", "Presentation", "{7C956DC3-BD51-41A1-8D51-5DC61B887159}"
EndProject
Project("{2150E333-8FDC-42A3-9474-1A3956D46DE8}") = "Test", "Test", "{5A067A8A-19E0-449F-9146-CB1586370135}"
EndProject
Project("{FAE04EC0-301F-11D3-BF4B-00C04F79EFBC}") = "ManaFood.Application", "Core\ManaFood.Application\ManaFood.Application.csproj", "{76C0A5BF-8133-4F91-9469-AB4683E2ED55}"
EndProject
Project("{FAE04EC0-301F-11D3-BF4B-00C04F79EFBC}") = "ManaFood.Domain", "Core\ManaFood.Domain\ManaFood.Domain.csproj", "{85DECB3F-DE48-4002-8645-ED95A2620F73}"
EndProject
Project("{FAE04EC0-301F-11D3-BF4B-00C04F79EFBC}") = "ManaFood.WebAPI", "Presentation\ManaFood.WebAPI\ManaFood.WebAPI.csproj", "{F6538217-A6C0-4F4C-8864-99B0F1ABD85B}"
EndProject
Project("{FAE04EC0-301F-11D3-BF4B-00C04F79EFBC}") = "ManaFood.Infrastructure", "Infrastructure\ManaFood.Infrastructure\ManaFood.Infrastructure.csproj", "{2E466AD5-0C54-4FEF-85FA-F892FA92247C}"
EndProject
Project("{2150E333-8FDC-42A3-9474-1A3956D46DE8}") = "Tests", "Tests", "{0AB3BF05-4346-4AA6-1389-037BE0695223}"
EndProject
Project("{FAE04EC0-301F-11D3-BF4B-00C04F79EFBC}") = "ManaFood.Tests", "Tests\ManaFood.Tests\ManaFood.Tests.csproj", "{FD8119DB-2B7A-4B3F-BFC2-4EAE99A2522A}"
EndProject
Project("{FAE04EC0-301F-11D3-BF4B-00C04F79EFBC}") = "ManaFood.BDD", "Tests\ManaFood.BDD\ManaFood.BDD.csproj", "{236E653A-9CB7-473C-9A30-D0249FDCD7D4}"
EndProject
Global
	GlobalSection(SolutionConfigurationPlatforms) = preSolution
		Debug|Any CPU = Debug|Any CPU
		Debug|x64 = Debug|x64
		Debug|x86 = Debug|x86
		Release|Any CPU = Release|Any CPU
		Release|x64 = Release|x64
		Release|x86 = Release|x86
	EndGlobalSection
	GlobalSection(ProjectConfigurationPlatforms) = postSolution
		{76C0A5BF-8133-4F91-9469-AB4683E2ED55}.Debug|Any CPU.ActiveCfg = Debug|Any CPU
		{76C0A5BF-8133-4F91-9469-AB4683E2ED55}.Debug|Any CPU.Build.0 = Debug|Any CPU
		{76C0A5BF-8133-4F91-9469-AB4683E2ED55}.Debug|x64.ActiveCfg = Debug|Any CPU
		{76C0A5BF-8133-4F91-9469-AB4683E2ED55}.Debug|x64.Build.0 = Debug|Any CPU
		{76C0A5BF-8133-4F91-9469-AB4683E2ED55}.Debug|x86.ActiveCfg = Debug|Any CPU
		{76C0A5BF-8133-4F91-9469-AB4683E2ED55}.Debug|x86.Build.0 = Debug|Any CPU
		{76C0A5BF-8133-4F91-9469-AB4683E2ED55}.Release|Any CPU.ActiveCfg = Release|Any CPU
		{76C0A5BF-8133-4F91-9469-AB4683E2ED55}.Release|Any CPU.Build.0 = Release|Any CPU
		{76C0A5BF-8133-4F91-9469-AB4683E2ED55}.Release|x64.ActiveCfg = Release|Any CPU
		{76C0A5BF-8133-4F91-9469-AB4683E2ED55}.Release|x64.Build.0 = Release|Any CPU
		{76C0A5BF-8133-4F91-9469-AB4683E2ED55}.Release|x86.ActiveCfg = Release|Any CPU
		{76C0A5BF-8133-4F91-9469-AB4683E2ED55}.Release|x86.Build.0 = Release|Any CPU
		{85DECB3F-DE48-4002-8645-ED95A2620F73}.Debug|Any CPU.ActiveCfg = Debug|Any CPU
		{85DECB3F-DE48-4002-8645-ED95A2620F73}.Debug|Any CPU.Build.0 = Debug|Any CPU
		{85DECB3F-DE48-4002-8645-ED95A2620F73}.Debug|x64.ActiveCfg = Debug|Any CPU
		{85DECB3F-DE48-4002-8645-ED95A2620F73}.Debug|x64.Build.0 = Debug|Any CPU
		{85DECB3F-DE48-4002-8645-ED95A2620F73}.Debug|x86.ActiveCfg = Debug|Any CPU
		{85DECB3F-DE48-4002-8645-ED95A2620F73}.Debug|x86.Build.0 = Debug|Any CPU
		{85DECB3F-DE48-4002-8645-ED95A2620F73}.Release|Any CPU.ActiveCfg = Release|Any CPU
		{85DECB3F-DE48-4002-8645-ED95A2620F73}.Release|Any CPU.Build.0 = Release|Any CPU
		{85DECB3F-DE48-4002-8645-ED95A2620F73}.Release|x64.ActiveCfg = Release|Any CPU
		{85DECB3F-DE48-4002-8645-ED95A2620F73}.Release|x64.Build.0 = Release|Any CPU
		{85DECB3F-DE48-4002-8645-ED95A2620F73}.Release|x86.ActiveCfg = Release|Any CPU
		{85DECB3F-DE48-4002-8645-ED95A2620F73}.Release|x86.Build.0 = Release|Any CPU
		{F6538217-A6C0-4F4C-8864-99B0F1ABD85B}.Debug|Any CPU.ActiveCfg = Debug|Any CPU
		{F6538217-A6C0-4F4C-8864-99B0F1ABD85B}.Debug|Any CPU.Build.0 = Debug|Any CPU
		{F6538217-A6C0-4F4C-8864-99B0F1ABD85B}.Debug|x64.ActiveCfg = Debug|Any CPU
		{F6538217-A6C0-4F4C-8864-99B0F1ABD85B}.Debug|x64.Build.0 = Debug|Any CPU
		{F6538217-A6C0-4F4C-8864-99B0F1ABD85B}.Debug|x86.ActiveCfg = Debug|Any CPU
		{F6538217-A6C0-4F4C-8864-99B0F1ABD85B}.Debug|x86.Build.0 = Debug|Any CPU
		{F6538217-A6C0-4F4C-8864-99B0F1ABD85B}.Release|Any CPU.ActiveCfg = Release|Any CPU
		{F6538217-A6C0-4F4C-8864-99B0F1ABD85B}.Release|Any CPU.Build.0 = Release|Any CPU
		{F6538217-A6C0-4F4C-8864-99B0F1ABD85B}.Release|x64.ActiveCfg = Release|Any CPU
		{F6538217-A6C0-4F4C-8864-99B0F1ABD85B}.Release|x64.Build.0 = Release|Any CPU
		{F6538217-A6C0-4F4C-8864-99B0F1ABD85B}.Release|x86.ActiveCfg = Release|Any CPU
		{F6538217-A6C0-4F4C-8864-99B0F1ABD85B}.Release|x86.Build.0 = Release|Any CPU
		{2E466AD5-0C54-4FEF-85FA-F892FA92247C}.Debug|Any CPU.ActiveCfg = Debug|Any CPU
		{2E466AD5-0C54-4FEF-85FA-F892FA92247C}.Debug|Any CPU.Build.0 = Debug|Any CPU
		{2E466AD5-0C54-4FEF-85FA-F892FA92247C}.Debug|x64.ActiveCfg = Debug|Any CPU
		{2E466AD5-0C54-4FEF-85FA-F892FA92247C}.Debug|x64.Build.0 = Debug|Any CPU
		{2E466AD5-0C54-4FEF-85FA-F892FA92247C}.Debug|x86.ActiveCfg = Debug|Any CPU
		{2E466AD5-0C54-4FEF-85FA-F892FA92247C}.Debug|x86.Build.0 = Debug|Any CPU
		{2E466AD5-0C54-4FEF-85FA-F892FA92247C}.Release|Any CPU.ActiveCfg = Release|Any CPU
		{2E466AD5-0C54-4FEF-85FA-F892FA92247C}.Release|Any CPU.Build.0 = Release|Any CPU
		{2E466AD5-0C54-4FEF-85FA-F892FA92247C}.Release|x64.ActiveCfg = Release|Any CPU
		{2E466AD5-0C54-4FEF-85FA-F892FA92247C}.Release|x64.Build.0 = Release|Any CPU
		{2E466AD5-0C54-4FEF-85FA-F892FA92247C}.Release|x86.ActiveCfg = Release|Any CPU
		{2E466AD5-0C54-4FEF-85FA-F892FA92247C}.Release|x86.Build.0 = Release|Any CPU
		{FD8119DB-2B7A-4B3F-BFC2-4EAE99A2522A}.Debug|Any CPU.ActiveCfg = Debug|Any CPU
		{FD8119DB-2B7A-4B3F-BFC2-4EAE99A2522A}.Debug|Any CPU.Build.0 = Debug|Any CPU
		{FD8119DB-2B7A-4B3F-BFC2-4EAE99A2522A}.Debug|x64.ActiveCfg = Debug|Any CPU
		{FD8119DB-2B7A-4B3F-BFC2-4EAE99A2522A}.Debug|x64.Build.0 = Debug|Any CPU
		{FD8119DB-2B7A-4B3F-BFC2-4EAE99A2522A}.Debug|x86.ActiveCfg = Debug|Any CPU
		{FD8119DB-2B7A-4B3F-BFC2-4EAE99A2522A}.Debug|x86.Build.0 = Debug|Any CPU
		{FD8119DB-2B7A-4B3F-BFC2-4EAE99A2522A}.Release|Any CPU.ActiveCfg = Release|Any CPU
		{FD8119DB-2B7A-4B3F-BFC2-4EAE99A2522A}.Release|Any CPU.Build.0 = Release|Any CPU
		{FD8119DB-2B7A-4B3F-BFC2-4EAE99A2522A}.Release|x64.ActiveCfg = Release|Any CPU
		{FD8119DB-2B7A-4B3F-BFC2-4EAE99A2522A}.Release|x64.Build.0 = Release|Any CPU
		{FD8119DB-2B7A-4B3F-BFC2-4EAE99A2522A}.Release|x86.ActiveCfg = Release|Any CPU
		{FD8119DB-2B7A-4B3F-BFC2-4EAE99A2522A}.Release|x86.Build.0 = Release|Any CPU
		{236E653A-9CB7-473C-9A30-D0249FDCD7D4}.Debug|Any CPU.ActiveCfg = Debug|Any CPU
		{236E653A-9CB7-473C-9A30-D0249FDCD7D4}.Debug|Any CPU.Build.0 = Debug|Any CPU
		{236E653A-9CB7-473C-9A30-D0249FDCD7D4}.Debug|x64.ActiveCfg = Debug|Any CPU
		{236E653A-9CB7-473C-9A30-D0249FDCD7D4}.Debug|x64.Build.0 = Debug|Any CPU
		{236E653A-9CB7-473C-9A30-D0249FDCD7D4}.Debug|x86.ActiveCfg = Debug|Any CPU
		{236E653A-9CB7-473C-9A30-D0249FDCD7D4}.Debug|x86.Build.0 = Debug|Any CPU
		{236E653A-9CB7-473C-9A30-D0249FDCD7D4}.Release|Any CPU.ActiveCfg = Release|Any CPU
		{236E653A-9CB7-473C-9A30-D0249FDCD7D4}.Release|Any CPU.Build.0 = Release|Any CPU
		{236E653A-9CB7-473C-9A30-D0249FDCD7D4}.Release|x64.ActiveCfg = Release|Any CPU
		{236E653A-9CB7-473C-9A30-D0249FDCD7D4}.Release|x64.Build.0 = Release|Any CPU
		{236E653A-9CB7-473C-9A30-D0249FDCD7D4}.Release|x86.ActiveCfg = Release|Any CPU
		{236E653A-9CB7-473C-9A30-D0249FDCD7D4}.Release|x86.Build.0 = Release|Any CPU
	EndGlobalSection
	GlobalSection(SolutionProperties) = preSolution
		HideSolutionNode = FALSE
	EndGlobalSection
	GlobalSection(NestedProjects) = preSolution
		{76C0A5BF-8133-4F91-9469-AB4683E2ED55} = {EDA69AC4-D596-4BA7-8925-8C48F77B9F74}
		{85DECB3F-DE48-4002-8645-ED95A2620F73} = {EDA69AC4-D596-4BA7-8925-8C48F77B9F74}
		{F6538217-A6C0-4F4C-8864-99B0F1ABD85B} = {7C956DC3-BD51-41A1-8D51-5DC61B887159}
		{2E466AD5-0C54-4FEF-85FA-F892FA92247C} = {44EBBDD1-54E2-4F69-895E-CE3C31D9A307}
		{FD8119DB-2B7A-4B3F-BFC2-4EAE99A2522A} = {0AB3BF05-4346-4AA6-1389-037BE0695223}
		{236E653A-9CB7-473C-9A30-D0249FDCD7D4} = {0AB3BF05-4346-4AA6-1389-037BE0695223}
	EndGlobalSection
EndGlobal
